
Microsoft Visual Studio Solution File, Format Version 12.00
# Visual Studio Version 17
VisualStudioVersion = 17.8.34408.163
MinimumVisualStudioVersion = 10.0.40219.1
Project("{9A19103F-16F7-4668-BE54-9A1E7A4F7556}") = "M001", "M001\M001.csproj", "{5A36E10B-86F9-413A-B26B-949DC304A4CB}"
EndProject
Project("{9A19103F-16F7-4668-BE54-9A1E7A4F7556}") = "M000", "M000\M000.csproj", "{7B3A348C-8670-4BD5-AA5E-D9077325B8C2}"
EndProject
Project("{9A19103F-16F7-4668-BE54-9A1E7A4F7556}") = "M002", "M002\M002.csproj", "{B76B7D08-1453-40AB-A883-0A163DB4155D}"
EndProject
Project("{9A19103F-16F7-4668-BE54-9A1E7A4F7556}") = "M003", "M003\M003.csproj", "{03A4F831-8B50-4812-A4C3-F8EF4BA8DBEA}"
EndProject
Project("{9A19103F-16F7-4668-BE54-9A1E7A4F7556}") = "M004", "M004\M004.csproj", "{7734BC4C-BCD8-4166-87CE-68425522C8D8}"
EndProject
Project("{9A19103F-16F7-4668-BE54-9A1E7A4F7556}") = "M005", "M005\M005.csproj", "{966896CC-67A3-4984-902B-39B92E3460D9}"
EndProject
Project("{9A19103F-16F7-4668-BE54-9A1E7A4F7556}") = "M006", "M006\M006.csproj", "{40403BDE-DA75-4566-9478-4ED7222EEDA7}"
EndProject
Project("{9A19103F-16F7-4668-BE54-9A1E7A4F7556}") = "M007", "M007\M007.csproj", "{E4A1030B-F837-4292-810F-3B87D2692143}"
EndProject
Project("{FAE04EC0-301F-11D3-BF4B-00C04F79EFBC}") = "M008", "M008\M008.csproj", "{C9437469-7C50-4795-988E-8C6D70C5DC55}"
EndProject
Project("{FAE04EC0-301F-11D3-BF4B-00C04F79EFBC}") = "M009", "M009\M009.csproj", "{18FCC600-CD1F-420B-BD0D-AABA5A05BC3E}"
EndProject
Project("{FAE04EC0-301F-11D3-BF4B-00C04F79EFBC}") = "M010", "M010\M010.csproj", "{4368712F-9448-4D47-9E75-43FB0340A0AE}"
EndProject
Global
	GlobalSection(SolutionConfigurationPlatforms) = preSolution
		Debug|Any CPU = Debug|Any CPU
		Release|Any CPU = Release|Any CPU
	EndGlobalSection
	GlobalSection(ProjectConfigurationPlatforms) = postSolution
		{5A36E10B-86F9-413A-B26B-949DC304A4CB}.Debug|Any CPU.ActiveCfg = Debug|Any CPU
		{5A36E10B-86F9-413A-B26B-949DC304A4CB}.Debug|Any CPU.Build.0 = Debug|Any CPU
		{5A36E10B-86F9-413A-B26B-949DC304A4CB}.Release|Any CPU.ActiveCfg = Release|Any CPU
		{5A36E10B-86F9-413A-B26B-949DC304A4CB}.Release|Any CPU.Build.0 = Release|Any CPU
		{7B3A348C-8670-4BD5-AA5E-D9077325B8C2}.Debug|Any CPU.ActiveCfg = Debug|Any CPU
		{7B3A348C-8670-4BD5-AA5E-D9077325B8C2}.Debug|Any CPU.Build.0 = Debug|Any CPU
		{7B3A348C-8670-4BD5-AA5E-D9077325B8C2}.Release|Any CPU.ActiveCfg = Release|Any CPU
		{7B3A348C-8670-4BD5-AA5E-D9077325B8C2}.Release|Any CPU.Build.0 = Release|Any CPU
		{B76B7D08-1453-40AB-A883-0A163DB4155D}.Debug|Any CPU.ActiveCfg = Debug|Any CPU
		{B76B7D08-1453-40AB-A883-0A163DB4155D}.Debug|Any CPU.Build.0 = Debug|Any CPU
		{B76B7D08-1453-40AB-A883-0A163DB4155D}.Release|Any CPU.ActiveCfg = Release|Any CPU
		{B76B7D08-1453-40AB-A883-0A163DB4155D}.Release|Any CPU.Build.0 = Release|Any CPU
		{03A4F831-8B50-4812-A4C3-F8EF4BA8DBEA}.Debug|Any CPU.ActiveCfg = Debug|Any CPU
		{03A4F831-8B50-4812-A4C3-F8EF4BA8DBEA}.Debug|Any CPU.Build.0 = Debug|Any CPU
		{03A4F831-8B50-4812-A4C3-F8EF4BA8DBEA}.Release|Any CPU.ActiveCfg = Release|Any CPU
		{03A4F831-8B50-4812-A4C3-F8EF4BA8DBEA}.Release|Any CPU.Build.0 = Release|Any CPU
		{7734BC4C-BCD8-4166-87CE-68425522C8D8}.Debug|Any CPU.ActiveCfg = Debug|Any CPU
		{7734BC4C-BCD8-4166-87CE-68425522C8D8}.Debug|Any CPU.Build.0 = Debug|Any CPU
		{7734BC4C-BCD8-4166-87CE-68425522C8D8}.Release|Any CPU.ActiveCfg = Release|Any CPU
		{7734BC4C-BCD8-4166-87CE-68425522C8D8}.Release|Any CPU.Build.0 = Release|Any CPU
		{966896CC-67A3-4984-902B-39B92E3460D9}.Debug|Any CPU.ActiveCfg = Debug|Any CPU
		{966896CC-67A3-4984-902B-39B92E3460D9}.Debug|Any CPU.Build.0 = Debug|Any CPU
		{966896CC-67A3-4984-902B-39B92E3460D9}.Release|Any CPU.ActiveCfg = Release|Any CPU
		{966896CC-67A3-4984-902B-39B92E3460D9}.Release|Any CPU.Build.0 = Release|Any CPU
		{40403BDE-DA75-4566-9478-4ED7222EEDA7}.Debug|Any CPU.ActiveCfg = Debug|Any CPU
		{40403BDE-DA75-4566-9478-4ED7222EEDA7}.Debug|Any CPU.Build.0 = Debug|Any CPU
		{40403BDE-DA75-4566-9478-4ED7222EEDA7}.Release|Any CPU.ActiveCfg = Release|Any CPU
		{40403BDE-DA75-4566-9478-4ED7222EEDA7}.Release|Any CPU.Build.0 = Release|Any CPU
		{E4A1030B-F837-4292-810F-3B87D2692143}.Debug|Any CPU.ActiveCfg = Debug|Any CPU
		{E4A1030B-F837-4292-810F-3B87D2692143}.Debug|Any CPU.Build.0 = Debug|Any CPU
		{E4A1030B-F837-4292-810F-3B87D2692143}.Release|Any CPU.ActiveCfg = Release|Any CPU
		{E4A1030B-F837-4292-810F-3B87D2692143}.Release|Any CPU.Build.0 = Release|Any CPU
		{C9437469-7C50-4795-988E-8C6D70C5DC55}.Debug|Any CPU.ActiveCfg = Debug|Any CPU
		{C9437469-7C50-4795-988E-8C6D70C5DC55}.Debug|Any CPU.Build.0 = Debug|Any CPU
		{C9437469-7C50-4795-988E-8C6D70C5DC55}.Release|Any CPU.ActiveCfg = Release|Any CPU
		{C9437469-7C50-4795-988E-8C6D70C5DC55}.Release|Any CPU.Build.0 = Release|Any CPU
		{18FCC600-CD1F-420B-BD0D-AABA5A05BC3E}.Debug|Any CPU.ActiveCfg = Debug|Any CPU
		{18FCC600-CD1F-420B-BD0D-AABA5A05BC3E}.Debug|Any CPU.Build.0 = Debug|Any CPU
		{18FCC600-CD1F-420B-BD0D-AABA5A05BC3E}.Release|Any CPU.ActiveCfg = Release|Any CPU
		{18FCC600-CD1F-420B-BD0D-AABA5A05BC3E}.Release|Any CPU.Build.0 = Release|Any CPU
		{4368712F-9448-4D47-9E75-43FB0340A0AE}.Debug|Any CPU.ActiveCfg = Debug|Any CPU
		{4368712F-9448-4D47-9E75-43FB0340A0AE}.Debug|Any CPU.Build.0 = Debug|Any CPU
		{4368712F-9448-4D47-9E75-43FB0340A0AE}.Release|Any CPU.ActiveCfg = Release|Any CPU
		{4368712F-9448-4D47-9E75-43FB0340A0AE}.Release|Any CPU.Build.0 = Release|Any CPU
	EndGlobalSection
	GlobalSection(SolutionProperties) = preSolution
		HideSolutionNode = FALSE
	EndGlobalSection
	GlobalSection(ExtensibilityGlobals) = postSolution
		SolutionGuid = {025CFC1C-6AC4-495C-BBA7-645D9F4ED06A}
	EndGlobalSection
EndGlobal
