
Microsoft Visual Studio Solution File, Format Version 12.00
# Visual Studio Version 17
VisualStudioVersion = 17.8.34408.163
MinimumVisualStudioVersion = 10.0.40219.1
Project("{FAE04EC0-301F-11D3-BF4B-00C04F79EFBC}") = "M001", "M001\M001.csproj", "{5A36E10B-86F9-413A-B26B-949DC304A4CB}"
EndProject
Global
	GlobalSection(SolutionConfigurationPlatforms) = preSolution
		Debug|Any CPU = Debug|Any CPU
		Release|Any CPU = Release|Any CPU
	EndGlobalSection
	GlobalSection(ProjectConfigurationPlatforms) = postSolution
		{5A36E10B-86F9-413A-B26B-949DC304A4CB}.Debug|Any CPU.ActiveCfg = Debug|Any CPU
		{5A36E10B-86F9-413A-B26B-949DC304A4CB}.Debug|Any CPU.Build.0 = Debug|Any CPU
		{5A36E10B-86F9-413A-B26B-949DC304A4CB}.Release|Any CPU.ActiveCfg = Release|Any CPU
		{5A36E10B-86F9-413A-B26B-949DC304A4CB}.Release|Any CPU.Build.0 = Release|Any CPU
	EndGlobalSection
	GlobalSection(SolutionProperties) = preSolution
		HideSolutionNode = FALSE
	EndGlobalSection
	GlobalSection(ExtensibilityGlobals) = postSolution
		SolutionGuid = {025CFC1C-6AC4-495C-BBA7-645D9F4ED06A}
	EndGlobalSection
EndGlobal
